
Microsoft Visual Studio Solution File, Format Version 12.00
# Visual Studio 14
VisualStudioVersion = 14.0.25420.1
MinimumVisualStudioVersion = 10.0.40219.1
Project("{8BC9CEB8-8B4A-11D0-8D11-00A0C91BC942}") = "algo", "algo.vcxproj", "{80BF2E06-DA6F-489D-8695-FC1D45BFA6E2}"
EndProject
Project("{2150E333-8FDC-42A3-9474-1A3956D46DE8}") = "codility", "codility", "{2178D17B-6B55-4ACC-AFB9-4DF3C1B602FE}"
EndProject
Project("{8BC9CEB8-8B4A-11D0-8D11-00A0C91BC942}") = "Lesson1_BinaryGap", "codility\Lesson1_BinaryGap\Lesson1_BinaryGap.vcxproj", "{AE9D2580-E534-4ECD-9485-DA55B47FDD34}"
EndProject
Project("{8BC9CEB8-8B4A-11D0-8D11-00A0C91BC942}") = "Lesson2_CyclicRotation", "codility\Lesson2_CyclicRotation\Lesson2_CyclicRotation.vcxproj", "{6E8F5864-ABAA-461F-BD87-665F61BD4D4A}"
EndProject
Project("{8BC9CEB8-8B4A-11D0-8D11-00A0C91BC942}") = "Lesson2_OddOccurrencesInArray", "codility\Lesson2_OddOccurrencesInArray\Lesson2_OddOccurrencesInArray.vcxproj", "{E7272646-4798-416E-8256-8BB34E62B463}"
EndProject
Project("{8BC9CEB8-8B4A-11D0-8D11-00A0C91BC942}") = "Lesson13_Ladder", "codility\Lesson13_Ladder\Lesson13_Ladder.vcxproj", "{AA9900D5-A9DD-48A7-A55B-251080005E27}"
EndProject
Project("{2150E333-8FDC-42A3-9474-1A3956D46DE8}") = "20180707", "20180707", "{C67D6D60-68A7-4791-A6A8-F86BC68823DE}"
EndProject
Project("{8BC9CEB8-8B4A-11D0-8D11-00A0C91BC942}") = "city_distance", "codility\city_distance\city_distance.vcxproj", "{72A930FA-F1A5-481B-BAAB-0C860D261711}"
EndProject
Project("{8BC9CEB8-8B4A-11D0-8D11-00A0C91BC942}") = "john_travels", "codility\john_travels\john_travels.vcxproj", "{32AE00BF-CA17-4EA3-B1AA-CAF8D1D92275}"
EndProject
Project("{8BC9CEB8-8B4A-11D0-8D11-00A0C91BC942}") = "splitSort", "codility\splitSort\splitSort.vcxproj", "{EBE22189-A4C8-4CA8-944E-381018A5D0A7}"
EndProject
Project("{2150E333-8FDC-42A3-9474-1A3956D46DE8}") = "leetcode", "leetcode", "{C293E046-B6B9-4164-B9C0-3C9EE71716DB}"
EndProject
Project("{8BC9CEB8-8B4A-11D0-8D11-00A0C91BC942}") = "31. Next Permutation", "leetcode\31. Next Permutation\31. Next Permutation.vcxproj", "{6207BAF7-24E5-42FD-B171-7ECB11B22A55}"
EndProject
Project("{2150E333-8FDC-42A3-9474-1A3956D46DE8}") = "basic", "basic", "{43A2A1FA-CB68-42ED-B9D0-823CF0757761}"
EndProject
Project("{8BC9CEB8-8B4A-11D0-8D11-00A0C91BC942}") = "KMP", "basic\KMP\KMP.vcxproj", "{4B0EACA2-215F-4756-A814-EAD55010D0DF}"
EndProject
Project("{8BC9CEB8-8B4A-11D0-8D11-00A0C91BC942}") = "N으로 표현", "programmers\N으로 표현\N으로 표현.vcxproj", "{821662E9-9A06-4617-9F3F-B700EA3EC4DC}"
EndProject
Project("{2150E333-8FDC-42A3-9474-1A3956D46DE8}") = "programmers", "programmers", "{A097F25D-9DC2-4181-B12C-20958C23D04C}"
EndProject
Project("{8BC9CEB8-8B4A-11D0-8D11-00A0C91BC942}") = "보행자천국", "programmers\보행자천국\보행자천국.vcxproj", "{11F6E26E-8EAB-4767-9F83-082CD138D870}"
EndProject
Project("{8BC9CEB8-8B4A-11D0-8D11-00A0C91BC942}") = "N진수게임", "programmers\N진수게임\N진수게임.vcxproj", "{FC424657-AE99-41EE-B0EA-CF01F5E406D2}"
EndProject
Global
	GlobalSection(SolutionConfigurationPlatforms) = preSolution
		Debug|x64 = Debug|x64
		Debug|x86 = Debug|x86
		Release|x64 = Release|x64
		Release|x86 = Release|x86
	EndGlobalSection
	GlobalSection(ProjectConfigurationPlatforms) = postSolution
		{80BF2E06-DA6F-489D-8695-FC1D45BFA6E2}.Debug|x64.ActiveCfg = Debug|x64
		{80BF2E06-DA6F-489D-8695-FC1D45BFA6E2}.Debug|x64.Build.0 = Debug|x64
		{80BF2E06-DA6F-489D-8695-FC1D45BFA6E2}.Debug|x86.ActiveCfg = Debug|Win32
		{80BF2E06-DA6F-489D-8695-FC1D45BFA6E2}.Debug|x86.Build.0 = Debug|Win32
		{80BF2E06-DA6F-489D-8695-FC1D45BFA6E2}.Release|x64.ActiveCfg = Release|x64
		{80BF2E06-DA6F-489D-8695-FC1D45BFA6E2}.Release|x64.Build.0 = Release|x64
		{80BF2E06-DA6F-489D-8695-FC1D45BFA6E2}.Release|x86.ActiveCfg = Release|Win32
		{80BF2E06-DA6F-489D-8695-FC1D45BFA6E2}.Release|x86.Build.0 = Release|Win32
		{AE9D2580-E534-4ECD-9485-DA55B47FDD34}.Debug|x64.ActiveCfg = Debug|x64
		{AE9D2580-E534-4ECD-9485-DA55B47FDD34}.Debug|x64.Build.0 = Debug|x64
		{AE9D2580-E534-4ECD-9485-DA55B47FDD34}.Debug|x86.ActiveCfg = Debug|Win32
		{AE9D2580-E534-4ECD-9485-DA55B47FDD34}.Debug|x86.Build.0 = Debug|Win32
		{AE9D2580-E534-4ECD-9485-DA55B47FDD34}.Release|x64.ActiveCfg = Release|x64
		{AE9D2580-E534-4ECD-9485-DA55B47FDD34}.Release|x64.Build.0 = Release|x64
		{AE9D2580-E534-4ECD-9485-DA55B47FDD34}.Release|x86.ActiveCfg = Release|Win32
		{AE9D2580-E534-4ECD-9485-DA55B47FDD34}.Release|x86.Build.0 = Release|Win32
		{6E8F5864-ABAA-461F-BD87-665F61BD4D4A}.Debug|x64.ActiveCfg = Debug|x64
		{6E8F5864-ABAA-461F-BD87-665F61BD4D4A}.Debug|x64.Build.0 = Debug|x64
		{6E8F5864-ABAA-461F-BD87-665F61BD4D4A}.Debug|x86.ActiveCfg = Debug|Win32
		{6E8F5864-ABAA-461F-BD87-665F61BD4D4A}.Debug|x86.Build.0 = Debug|Win32
		{6E8F5864-ABAA-461F-BD87-665F61BD4D4A}.Release|x64.ActiveCfg = Release|x64
		{6E8F5864-ABAA-461F-BD87-665F61BD4D4A}.Release|x64.Build.0 = Release|x64
		{6E8F5864-ABAA-461F-BD87-665F61BD4D4A}.Release|x86.ActiveCfg = Release|Win32
		{6E8F5864-ABAA-461F-BD87-665F61BD4D4A}.Release|x86.Build.0 = Release|Win32
		{E7272646-4798-416E-8256-8BB34E62B463}.Debug|x64.ActiveCfg = Debug|x64
		{E7272646-4798-416E-8256-8BB34E62B463}.Debug|x64.Build.0 = Debug|x64
		{E7272646-4798-416E-8256-8BB34E62B463}.Debug|x86.ActiveCfg = Debug|Win32
		{E7272646-4798-416E-8256-8BB34E62B463}.Debug|x86.Build.0 = Debug|Win32
		{E7272646-4798-416E-8256-8BB34E62B463}.Release|x64.ActiveCfg = Release|x64
		{E7272646-4798-416E-8256-8BB34E62B463}.Release|x64.Build.0 = Release|x64
		{E7272646-4798-416E-8256-8BB34E62B463}.Release|x86.ActiveCfg = Release|Win32
		{E7272646-4798-416E-8256-8BB34E62B463}.Release|x86.Build.0 = Release|Win32
		{AA9900D5-A9DD-48A7-A55B-251080005E27}.Debug|x64.ActiveCfg = Debug|x64
		{AA9900D5-A9DD-48A7-A55B-251080005E27}.Debug|x64.Build.0 = Debug|x64
		{AA9900D5-A9DD-48A7-A55B-251080005E27}.Debug|x86.ActiveCfg = Debug|Win32
		{AA9900D5-A9DD-48A7-A55B-251080005E27}.Debug|x86.Build.0 = Debug|Win32
		{AA9900D5-A9DD-48A7-A55B-251080005E27}.Release|x64.ActiveCfg = Release|x64
		{AA9900D5-A9DD-48A7-A55B-251080005E27}.Release|x64.Build.0 = Release|x64
		{AA9900D5-A9DD-48A7-A55B-251080005E27}.Release|x86.ActiveCfg = Release|Win32
		{AA9900D5-A9DD-48A7-A55B-251080005E27}.Release|x86.Build.0 = Release|Win32
		{72A930FA-F1A5-481B-BAAB-0C860D261711}.Debug|x64.ActiveCfg = Debug|x64
		{72A930FA-F1A5-481B-BAAB-0C860D261711}.Debug|x64.Build.0 = Debug|x64
		{72A930FA-F1A5-481B-BAAB-0C860D261711}.Debug|x86.ActiveCfg = Debug|Win32
		{72A930FA-F1A5-481B-BAAB-0C860D261711}.Debug|x86.Build.0 = Debug|Win32
		{72A930FA-F1A5-481B-BAAB-0C860D261711}.Release|x64.ActiveCfg = Release|x64
		{72A930FA-F1A5-481B-BAAB-0C860D261711}.Release|x64.Build.0 = Release|x64
		{72A930FA-F1A5-481B-BAAB-0C860D261711}.Release|x86.ActiveCfg = Release|Win32
		{72A930FA-F1A5-481B-BAAB-0C860D261711}.Release|x86.Build.0 = Release|Win32
		{32AE00BF-CA17-4EA3-B1AA-CAF8D1D92275}.Debug|x64.ActiveCfg = Debug|x64
		{32AE00BF-CA17-4EA3-B1AA-CAF8D1D92275}.Debug|x64.Build.0 = Debug|x64
		{32AE00BF-CA17-4EA3-B1AA-CAF8D1D92275}.Debug|x86.ActiveCfg = Debug|Win32
		{32AE00BF-CA17-4EA3-B1AA-CAF8D1D92275}.Debug|x86.Build.0 = Debug|Win32
		{32AE00BF-CA17-4EA3-B1AA-CAF8D1D92275}.Release|x64.ActiveCfg = Release|x64
		{32AE00BF-CA17-4EA3-B1AA-CAF8D1D92275}.Release|x64.Build.0 = Release|x64
		{32AE00BF-CA17-4EA3-B1AA-CAF8D1D92275}.Release|x86.ActiveCfg = Release|Win32
		{32AE00BF-CA17-4EA3-B1AA-CAF8D1D92275}.Release|x86.Build.0 = Release|Win32
		{EBE22189-A4C8-4CA8-944E-381018A5D0A7}.Debug|x64.ActiveCfg = Debug|x64
		{EBE22189-A4C8-4CA8-944E-381018A5D0A7}.Debug|x64.Build.0 = Debug|x64
		{EBE22189-A4C8-4CA8-944E-381018A5D0A7}.Debug|x86.ActiveCfg = Debug|Win32
		{EBE22189-A4C8-4CA8-944E-381018A5D0A7}.Debug|x86.Build.0 = Debug|Win32
		{EBE22189-A4C8-4CA8-944E-381018A5D0A7}.Release|x64.ActiveCfg = Release|x64
		{EBE22189-A4C8-4CA8-944E-381018A5D0A7}.Release|x64.Build.0 = Release|x64
		{EBE22189-A4C8-4CA8-944E-381018A5D0A7}.Release|x86.ActiveCfg = Release|Win32
		{EBE22189-A4C8-4CA8-944E-381018A5D0A7}.Release|x86.Build.0 = Release|Win32
		{6207BAF7-24E5-42FD-B171-7ECB11B22A55}.Debug|x64.ActiveCfg = Debug|x64
		{6207BAF7-24E5-42FD-B171-7ECB11B22A55}.Debug|x64.Build.0 = Debug|x64
		{6207BAF7-24E5-42FD-B171-7ECB11B22A55}.Debug|x86.ActiveCfg = Debug|Win32
		{6207BAF7-24E5-42FD-B171-7ECB11B22A55}.Debug|x86.Build.0 = Debug|Win32
		{6207BAF7-24E5-42FD-B171-7ECB11B22A55}.Release|x64.ActiveCfg = Release|x64
		{6207BAF7-24E5-42FD-B171-7ECB11B22A55}.Release|x64.Build.0 = Release|x64
		{6207BAF7-24E5-42FD-B171-7ECB11B22A55}.Release|x86.ActiveCfg = Release|Win32
		{6207BAF7-24E5-42FD-B171-7ECB11B22A55}.Release|x86.Build.0 = Release|Win32
		{4B0EACA2-215F-4756-A814-EAD55010D0DF}.Debug|x64.ActiveCfg = Debug|x64
		{4B0EACA2-215F-4756-A814-EAD55010D0DF}.Debug|x64.Build.0 = Debug|x64
		{4B0EACA2-215F-4756-A814-EAD55010D0DF}.Debug|x86.ActiveCfg = Debug|Win32
		{4B0EACA2-215F-4756-A814-EAD55010D0DF}.Debug|x86.Build.0 = Debug|Win32
		{4B0EACA2-215F-4756-A814-EAD55010D0DF}.Release|x64.ActiveCfg = Release|x64
		{4B0EACA2-215F-4756-A814-EAD55010D0DF}.Release|x64.Build.0 = Release|x64
		{4B0EACA2-215F-4756-A814-EAD55010D0DF}.Release|x86.ActiveCfg = Release|Win32
		{4B0EACA2-215F-4756-A814-EAD55010D0DF}.Release|x86.Build.0 = Release|Win32
		{821662E9-9A06-4617-9F3F-B700EA3EC4DC}.Debug|x64.ActiveCfg = Debug|x64
		{821662E9-9A06-4617-9F3F-B700EA3EC4DC}.Debug|x64.Build.0 = Debug|x64
		{821662E9-9A06-4617-9F3F-B700EA3EC4DC}.Debug|x86.ActiveCfg = Debug|Win32
		{821662E9-9A06-4617-9F3F-B700EA3EC4DC}.Debug|x86.Build.0 = Debug|Win32
		{821662E9-9A06-4617-9F3F-B700EA3EC4DC}.Release|x64.ActiveCfg = Release|x64
		{821662E9-9A06-4617-9F3F-B700EA3EC4DC}.Release|x64.Build.0 = Release|x64
		{821662E9-9A06-4617-9F3F-B700EA3EC4DC}.Release|x86.ActiveCfg = Release|Win32
		{821662E9-9A06-4617-9F3F-B700EA3EC4DC}.Release|x86.Build.0 = Release|Win32
		{11F6E26E-8EAB-4767-9F83-082CD138D870}.Debug|x64.ActiveCfg = Debug|x64
		{11F6E26E-8EAB-4767-9F83-082CD138D870}.Debug|x64.Build.0 = Debug|x64
		{11F6E26E-8EAB-4767-9F83-082CD138D870}.Debug|x86.ActiveCfg = Debug|Win32
		{11F6E26E-8EAB-4767-9F83-082CD138D870}.Debug|x86.Build.0 = Debug|Win32
		{11F6E26E-8EAB-4767-9F83-082CD138D870}.Release|x64.ActiveCfg = Release|x64
		{11F6E26E-8EAB-4767-9F83-082CD138D870}.Release|x64.Build.0 = Release|x64
		{11F6E26E-8EAB-4767-9F83-082CD138D870}.Release|x86.ActiveCfg = Release|Win32
		{11F6E26E-8EAB-4767-9F83-082CD138D870}.Release|x86.Build.0 = Release|Win32
		{FC424657-AE99-41EE-B0EA-CF01F5E406D2}.Debug|x64.ActiveCfg = Debug|x64
		{FC424657-AE99-41EE-B0EA-CF01F5E406D2}.Debug|x64.Build.0 = Debug|x64
		{FC424657-AE99-41EE-B0EA-CF01F5E406D2}.Debug|x86.ActiveCfg = Debug|Win32
		{FC424657-AE99-41EE-B0EA-CF01F5E406D2}.Debug|x86.Build.0 = Debug|Win32
		{FC424657-AE99-41EE-B0EA-CF01F5E406D2}.Release|x64.ActiveCfg = Release|x64
		{FC424657-AE99-41EE-B0EA-CF01F5E406D2}.Release|x64.Build.0 = Release|x64
		{FC424657-AE99-41EE-B0EA-CF01F5E406D2}.Release|x86.ActiveCfg = Release|Win32
		{FC424657-AE99-41EE-B0EA-CF01F5E406D2}.Release|x86.Build.0 = Release|Win32
	EndGlobalSection
	GlobalSection(SolutionProperties) = preSolution
		HideSolutionNode = FALSE
	EndGlobalSection
	GlobalSection(NestedProjects) = preSolution
		{AE9D2580-E534-4ECD-9485-DA55B47FDD34} = {2178D17B-6B55-4ACC-AFB9-4DF3C1B602FE}
		{6E8F5864-ABAA-461F-BD87-665F61BD4D4A} = {2178D17B-6B55-4ACC-AFB9-4DF3C1B602FE}
		{E7272646-4798-416E-8256-8BB34E62B463} = {2178D17B-6B55-4ACC-AFB9-4DF3C1B602FE}
		{AA9900D5-A9DD-48A7-A55B-251080005E27} = {2178D17B-6B55-4ACC-AFB9-4DF3C1B602FE}
		{72A930FA-F1A5-481B-BAAB-0C860D261711} = {C67D6D60-68A7-4791-A6A8-F86BC68823DE}
		{32AE00BF-CA17-4EA3-B1AA-CAF8D1D92275} = {C67D6D60-68A7-4791-A6A8-F86BC68823DE}
		{EBE22189-A4C8-4CA8-944E-381018A5D0A7} = {C67D6D60-68A7-4791-A6A8-F86BC68823DE}
		{6207BAF7-24E5-42FD-B171-7ECB11B22A55} = {C293E046-B6B9-4164-B9C0-3C9EE71716DB}
		{4B0EACA2-215F-4756-A814-EAD55010D0DF} = {43A2A1FA-CB68-42ED-B9D0-823CF0757761}
		{821662E9-9A06-4617-9F3F-B700EA3EC4DC} = {A097F25D-9DC2-4181-B12C-20958C23D04C}
		{11F6E26E-8EAB-4767-9F83-082CD138D870} = {A097F25D-9DC2-4181-B12C-20958C23D04C}
		{FC424657-AE99-41EE-B0EA-CF01F5E406D2} = {A097F25D-9DC2-4181-B12C-20958C23D04C}
	EndGlobalSection
EndGlobal
