
Microsoft Visual Studio Solution File, Format Version 12.00
# Visual Studio 14
VisualStudioVersion = 14.0.25420.1
MinimumVisualStudioVersion = 10.0.40219.1
Project("{8BC9CEB8-8B4A-11D0-8D11-00A0C91BC942}") = "algo", "algo.vcxproj", "{80BF2E06-DA6F-489D-8695-FC1D45BFA6E2}"
EndProject
Project("{8BC9CEB8-8B4A-11D0-8D11-00A0C91BC942}") = "155. Min Stack", "155. Min Stack\155. Min Stack.vcxproj", "{348092AA-7DE5-408D-919C-741DA566E4EF}"
EndProject
Project("{8BC9CEB8-8B4A-11D0-8D11-00A0C91BC942}") = "114. Flatten Binary Tree to Linked List", "114. Flatten Binary Tree to Linked List\114. Flatten Binary Tree to Linked List.vcxproj", "{AE427517-AB73-469E-8B4B-4F4AC563CD5B}"
EndProject
Project("{8BC9CEB8-8B4A-11D0-8D11-00A0C91BC942}") = "200. Number of Islands", "200. Number of Islands\200. Number of Islands.vcxproj", "{1C7EE123-93B5-4D64-9B79-C5C79C3A2A18}"
EndProject
Global
	GlobalSection(SolutionConfigurationPlatforms) = preSolution
		Debug|x64 = Debug|x64
		Debug|x86 = Debug|x86
		Release|x64 = Release|x64
		Release|x86 = Release|x86
	EndGlobalSection
	GlobalSection(ProjectConfigurationPlatforms) = postSolution
		{80BF2E06-DA6F-489D-8695-FC1D45BFA6E2}.Debug|x64.ActiveCfg = Debug|x64
		{80BF2E06-DA6F-489D-8695-FC1D45BFA6E2}.Debug|x64.Build.0 = Debug|x64
		{80BF2E06-DA6F-489D-8695-FC1D45BFA6E2}.Debug|x86.ActiveCfg = Debug|Win32
		{80BF2E06-DA6F-489D-8695-FC1D45BFA6E2}.Debug|x86.Build.0 = Debug|Win32
		{80BF2E06-DA6F-489D-8695-FC1D45BFA6E2}.Release|x64.ActiveCfg = Release|x64
		{80BF2E06-DA6F-489D-8695-FC1D45BFA6E2}.Release|x64.Build.0 = Release|x64
		{80BF2E06-DA6F-489D-8695-FC1D45BFA6E2}.Release|x86.ActiveCfg = Release|Win32
		{80BF2E06-DA6F-489D-8695-FC1D45BFA6E2}.Release|x86.Build.0 = Release|Win32
		{348092AA-7DE5-408D-919C-741DA566E4EF}.Debug|x64.ActiveCfg = Debug|x64
		{348092AA-7DE5-408D-919C-741DA566E4EF}.Debug|x64.Build.0 = Debug|x64
		{348092AA-7DE5-408D-919C-741DA566E4EF}.Debug|x86.ActiveCfg = Debug|Win32
		{348092AA-7DE5-408D-919C-741DA566E4EF}.Debug|x86.Build.0 = Debug|Win32
		{348092AA-7DE5-408D-919C-741DA566E4EF}.Release|x64.ActiveCfg = Release|x64
		{348092AA-7DE5-408D-919C-741DA566E4EF}.Release|x64.Build.0 = Release|x64
		{348092AA-7DE5-408D-919C-741DA566E4EF}.Release|x86.ActiveCfg = Release|Win32
		{348092AA-7DE5-408D-919C-741DA566E4EF}.Release|x86.Build.0 = Release|Win32
		{AE427517-AB73-469E-8B4B-4F4AC563CD5B}.Debug|x64.ActiveCfg = Debug|x64
		{AE427517-AB73-469E-8B4B-4F4AC563CD5B}.Debug|x64.Build.0 = Debug|x64
		{AE427517-AB73-469E-8B4B-4F4AC563CD5B}.Debug|x86.ActiveCfg = Debug|Win32
		{AE427517-AB73-469E-8B4B-4F4AC563CD5B}.Debug|x86.Build.0 = Debug|Win32
		{AE427517-AB73-469E-8B4B-4F4AC563CD5B}.Release|x64.ActiveCfg = Release|x64
		{AE427517-AB73-469E-8B4B-4F4AC563CD5B}.Release|x64.Build.0 = Release|x64
		{AE427517-AB73-469E-8B4B-4F4AC563CD5B}.Release|x86.ActiveCfg = Release|Win32
		{AE427517-AB73-469E-8B4B-4F4AC563CD5B}.Release|x86.Build.0 = Release|Win32
		{1C7EE123-93B5-4D64-9B79-C5C79C3A2A18}.Debug|x64.ActiveCfg = Debug|x64
		{1C7EE123-93B5-4D64-9B79-C5C79C3A2A18}.Debug|x64.Build.0 = Debug|x64
		{1C7EE123-93B5-4D64-9B79-C5C79C3A2A18}.Debug|x86.ActiveCfg = Debug|Win32
		{1C7EE123-93B5-4D64-9B79-C5C79C3A2A18}.Debug|x86.Build.0 = Debug|Win32
		{1C7EE123-93B5-4D64-9B79-C5C79C3A2A18}.Release|x64.ActiveCfg = Release|x64
		{1C7EE123-93B5-4D64-9B79-C5C79C3A2A18}.Release|x64.Build.0 = Release|x64
		{1C7EE123-93B5-4D64-9B79-C5C79C3A2A18}.Release|x86.ActiveCfg = Release|Win32
		{1C7EE123-93B5-4D64-9B79-C5C79C3A2A18}.Release|x86.Build.0 = Release|Win32
	EndGlobalSection
	GlobalSection(SolutionProperties) = preSolution
		HideSolutionNode = FALSE
	EndGlobalSection
EndGlobal
