
Microsoft Visual Studio Solution File, Format Version 12.00
# Visual Studio 14
VisualStudioVersion = 14.0.25420.1
MinimumVisualStudioVersion = 10.0.40219.1
Project("{8BC9CEB8-8B4A-11D0-8D11-00A0C91BC942}") = "algo", "algo.vcxproj", "{80BF2E06-DA6F-489D-8695-FC1D45BFA6E2}"
EndProject
Project("{8BC9CEB8-8B4A-11D0-8D11-00A0C91BC942}") = "155. Min Stack", "155. Min Stack\155. Min Stack.vcxproj", "{348092AA-7DE5-408D-919C-741DA566E4EF}"
EndProject
Project("{8BC9CEB8-8B4A-11D0-8D11-00A0C91BC942}") = "114. Flatten Binary Tree to Linked List", "114. Flatten Binary Tree to Linked List\114. Flatten Binary Tree to Linked List.vcxproj", "{AE427517-AB73-469E-8B4B-4F4AC563CD5B}"
EndProject
Project("{8BC9CEB8-8B4A-11D0-8D11-00A0C91BC942}") = "200. Number of Islands", "200. Number of Islands\200. Number of Islands.vcxproj", "{1C7EE123-93B5-4D64-9B79-C5C79C3A2A18}"
EndProject
Project("{8BC9CEB8-8B4A-11D0-8D11-00A0C91BC942}") = "110. Balanced Binary Tree", "110. Balanced Binary Tree\110. Balanced Binary Tree.vcxproj", "{936BFC90-97BE-4E8D-8A22-792EEE8C1A23}"
EndProject
Project("{8BC9CEB8-8B4A-11D0-8D11-00A0C91BC942}") = "142. Linked List Cycle II", "142. Linked List Cycle II\142. Linked List Cycle II.vcxproj", "{C0D63926-7038-4D0C-993F-8A4E63CA294A}"
EndProject
Project("{8BC9CEB8-8B4A-11D0-8D11-00A0C91BC942}") = "236. Lowest Common Ancestor of a Binary Tree", "236. Lowest Common Ancestor of a Binary Tree\236. Lowest Common Ancestor of a Binary Tree.vcxproj", "{019DE6D3-01B2-4856-84AA-CDD21AC51BB0}"
EndProject
Project("{8BC9CEB8-8B4A-11D0-8D11-00A0C91BC942}") = "334. Increasing Triplet Subsequence", "334. Increasing Triplet Subsequence\334. Increasing Triplet Subsequence.vcxproj", "{D5AE3158-E6EE-452D-B3BB-70054CCF7DB7}"
EndProject
Global
	GlobalSection(SolutionConfigurationPlatforms) = preSolution
		Debug|x64 = Debug|x64
		Debug|x86 = Debug|x86
		Release|x64 = Release|x64
		Release|x86 = Release|x86
	EndGlobalSection
	GlobalSection(ProjectConfigurationPlatforms) = postSolution
		{80BF2E06-DA6F-489D-8695-FC1D45BFA6E2}.Debug|x64.ActiveCfg = Debug|x64
		{80BF2E06-DA6F-489D-8695-FC1D45BFA6E2}.Debug|x64.Build.0 = Debug|x64
		{80BF2E06-DA6F-489D-8695-FC1D45BFA6E2}.Debug|x86.ActiveCfg = Debug|Win32
		{80BF2E06-DA6F-489D-8695-FC1D45BFA6E2}.Debug|x86.Build.0 = Debug|Win32
		{80BF2E06-DA6F-489D-8695-FC1D45BFA6E2}.Release|x64.ActiveCfg = Release|x64
		{80BF2E06-DA6F-489D-8695-FC1D45BFA6E2}.Release|x64.Build.0 = Release|x64
		{80BF2E06-DA6F-489D-8695-FC1D45BFA6E2}.Release|x86.ActiveCfg = Release|Win32
		{80BF2E06-DA6F-489D-8695-FC1D45BFA6E2}.Release|x86.Build.0 = Release|Win32
		{348092AA-7DE5-408D-919C-741DA566E4EF}.Debug|x64.ActiveCfg = Debug|x64
		{348092AA-7DE5-408D-919C-741DA566E4EF}.Debug|x64.Build.0 = Debug|x64
		{348092AA-7DE5-408D-919C-741DA566E4EF}.Debug|x86.ActiveCfg = Debug|Win32
		{348092AA-7DE5-408D-919C-741DA566E4EF}.Debug|x86.Build.0 = Debug|Win32
		{348092AA-7DE5-408D-919C-741DA566E4EF}.Release|x64.ActiveCfg = Release|x64
		{348092AA-7DE5-408D-919C-741DA566E4EF}.Release|x64.Build.0 = Release|x64
		{348092AA-7DE5-408D-919C-741DA566E4EF}.Release|x86.ActiveCfg = Release|Win32
		{348092AA-7DE5-408D-919C-741DA566E4EF}.Release|x86.Build.0 = Release|Win32
		{AE427517-AB73-469E-8B4B-4F4AC563CD5B}.Debug|x64.ActiveCfg = Debug|x64
		{AE427517-AB73-469E-8B4B-4F4AC563CD5B}.Debug|x64.Build.0 = Debug|x64
		{AE427517-AB73-469E-8B4B-4F4AC563CD5B}.Debug|x86.ActiveCfg = Debug|Win32
		{AE427517-AB73-469E-8B4B-4F4AC563CD5B}.Debug|x86.Build.0 = Debug|Win32
		{AE427517-AB73-469E-8B4B-4F4AC563CD5B}.Release|x64.ActiveCfg = Release|x64
		{AE427517-AB73-469E-8B4B-4F4AC563CD5B}.Release|x64.Build.0 = Release|x64
		{AE427517-AB73-469E-8B4B-4F4AC563CD5B}.Release|x86.ActiveCfg = Release|Win32
		{AE427517-AB73-469E-8B4B-4F4AC563CD5B}.Release|x86.Build.0 = Release|Win32
		{1C7EE123-93B5-4D64-9B79-C5C79C3A2A18}.Debug|x64.ActiveCfg = Debug|x64
		{1C7EE123-93B5-4D64-9B79-C5C79C3A2A18}.Debug|x64.Build.0 = Debug|x64
		{1C7EE123-93B5-4D64-9B79-C5C79C3A2A18}.Debug|x86.ActiveCfg = Debug|Win32
		{1C7EE123-93B5-4D64-9B79-C5C79C3A2A18}.Debug|x86.Build.0 = Debug|Win32
		{1C7EE123-93B5-4D64-9B79-C5C79C3A2A18}.Release|x64.ActiveCfg = Release|x64
		{1C7EE123-93B5-4D64-9B79-C5C79C3A2A18}.Release|x64.Build.0 = Release|x64
		{1C7EE123-93B5-4D64-9B79-C5C79C3A2A18}.Release|x86.ActiveCfg = Release|Win32
		{1C7EE123-93B5-4D64-9B79-C5C79C3A2A18}.Release|x86.Build.0 = Release|Win32
		{936BFC90-97BE-4E8D-8A22-792EEE8C1A23}.Debug|x64.ActiveCfg = Debug|x64
		{936BFC90-97BE-4E8D-8A22-792EEE8C1A23}.Debug|x64.Build.0 = Debug|x64
		{936BFC90-97BE-4E8D-8A22-792EEE8C1A23}.Debug|x86.ActiveCfg = Debug|Win32
		{936BFC90-97BE-4E8D-8A22-792EEE8C1A23}.Debug|x86.Build.0 = Debug|Win32
		{936BFC90-97BE-4E8D-8A22-792EEE8C1A23}.Release|x64.ActiveCfg = Release|x64
		{936BFC90-97BE-4E8D-8A22-792EEE8C1A23}.Release|x64.Build.0 = Release|x64
		{936BFC90-97BE-4E8D-8A22-792EEE8C1A23}.Release|x86.ActiveCfg = Release|Win32
		{936BFC90-97BE-4E8D-8A22-792EEE8C1A23}.Release|x86.Build.0 = Release|Win32
		{C0D63926-7038-4D0C-993F-8A4E63CA294A}.Debug|x64.ActiveCfg = Debug|x64
		{C0D63926-7038-4D0C-993F-8A4E63CA294A}.Debug|x64.Build.0 = Debug|x64
		{C0D63926-7038-4D0C-993F-8A4E63CA294A}.Debug|x86.ActiveCfg = Debug|Win32
		{C0D63926-7038-4D0C-993F-8A4E63CA294A}.Debug|x86.Build.0 = Debug|Win32
		{C0D63926-7038-4D0C-993F-8A4E63CA294A}.Release|x64.ActiveCfg = Release|x64
		{C0D63926-7038-4D0C-993F-8A4E63CA294A}.Release|x64.Build.0 = Release|x64
		{C0D63926-7038-4D0C-993F-8A4E63CA294A}.Release|x86.ActiveCfg = Release|Win32
		{C0D63926-7038-4D0C-993F-8A4E63CA294A}.Release|x86.Build.0 = Release|Win32
		{019DE6D3-01B2-4856-84AA-CDD21AC51BB0}.Debug|x64.ActiveCfg = Debug|x64
		{019DE6D3-01B2-4856-84AA-CDD21AC51BB0}.Debug|x64.Build.0 = Debug|x64
		{019DE6D3-01B2-4856-84AA-CDD21AC51BB0}.Debug|x86.ActiveCfg = Debug|Win32
		{019DE6D3-01B2-4856-84AA-CDD21AC51BB0}.Debug|x86.Build.0 = Debug|Win32
		{019DE6D3-01B2-4856-84AA-CDD21AC51BB0}.Release|x64.ActiveCfg = Release|x64
		{019DE6D3-01B2-4856-84AA-CDD21AC51BB0}.Release|x64.Build.0 = Release|x64
		{019DE6D3-01B2-4856-84AA-CDD21AC51BB0}.Release|x86.ActiveCfg = Release|Win32
		{019DE6D3-01B2-4856-84AA-CDD21AC51BB0}.Release|x86.Build.0 = Release|Win32
		{D5AE3158-E6EE-452D-B3BB-70054CCF7DB7}.Debug|x64.ActiveCfg = Debug|x64
		{D5AE3158-E6EE-452D-B3BB-70054CCF7DB7}.Debug|x64.Build.0 = Debug|x64
		{D5AE3158-E6EE-452D-B3BB-70054CCF7DB7}.Debug|x86.ActiveCfg = Debug|Win32
		{D5AE3158-E6EE-452D-B3BB-70054CCF7DB7}.Debug|x86.Build.0 = Debug|Win32
		{D5AE3158-E6EE-452D-B3BB-70054CCF7DB7}.Release|x64.ActiveCfg = Release|x64
		{D5AE3158-E6EE-452D-B3BB-70054CCF7DB7}.Release|x64.Build.0 = Release|x64
		{D5AE3158-E6EE-452D-B3BB-70054CCF7DB7}.Release|x86.ActiveCfg = Release|Win32
		{D5AE3158-E6EE-452D-B3BB-70054CCF7DB7}.Release|x86.Build.0 = Release|Win32
	EndGlobalSection
	GlobalSection(SolutionProperties) = preSolution
		HideSolutionNode = FALSE
	EndGlobalSection
EndGlobal
